
Microsoft Visual Studio Solution File, Format Version 12.00
# Visual Studio Version 17
VisualStudioVersion = 17.4.33213.308
MinimumVisualStudioVersion = 10.0.40219.1
Project("{9A19103F-16F7-4668-BE54-9A1E7A4F7556}") = "UI", "UI\UI.csproj", "{910A3B11-0FA4-4606-8282-77CC4C4F331D}"
EndProject
Project("{FAE04EC0-301F-11D3-BF4B-00C04F79EFBC}") = "Core", "Core\Core.csproj", "{8F58919B-5B8C-49FB-9E81-5B0C5D45EE2A}"
EndProject
Global
	GlobalSection(SolutionConfigurationPlatforms) = preSolution
		Debug|Any CPU = Debug|Any CPU
		Release|Any CPU = Release|Any CPU
	EndGlobalSection
	GlobalSection(ProjectConfigurationPlatforms) = postSolution
		{910A3B11-0FA4-4606-8282-77CC4C4F331D}.Debug|Any CPU.ActiveCfg = Debug|Any CPU
		{910A3B11-0FA4-4606-8282-77CC4C4F331D}.Debug|Any CPU.Build.0 = Debug|Any CPU
		{910A3B11-0FA4-4606-8282-77CC4C4F331D}.Release|Any CPU.ActiveCfg = Release|Any CPU
		{910A3B11-0FA4-4606-8282-77CC4C4F331D}.Release|Any CPU.Build.0 = Release|Any CPU
		{8F58919B-5B8C-49FB-9E81-5B0C5D45EE2A}.Debug|Any CPU.ActiveCfg = Debug|Any CPU
		{8F58919B-5B8C-49FB-9E81-5B0C5D45EE2A}.Debug|Any CPU.Build.0 = Debug|Any CPU
		{8F58919B-5B8C-49FB-9E81-5B0C5D45EE2A}.Release|Any CPU.ActiveCfg = Release|Any CPU
		{8F58919B-5B8C-49FB-9E81-5B0C5D45EE2A}.Release|Any CPU.Build.0 = Release|Any CPU
	EndGlobalSection
	GlobalSection(SolutionProperties) = preSolution
		HideSolutionNode = FALSE
	EndGlobalSection
	GlobalSection(ExtensibilityGlobals) = postSolution
		SolutionGuid = {8D66B6A2-CCA6-4194-A66B-BE49464728B3}
	EndGlobalSection
EndGlobal
